{
  "originHash" : "b2996d8b20521bfede6aa79472b75c70d7ac765721c6e529be7f5e3dc3d95b1d",
  "pins" : [
    {
      "identity" : "swiftformat",
      "kind" : "remoteSourceControl",
      "location" : "https://github.com/nicklockwood/SwiftFormat",
      "state" : {
        "revision" : "1d02d0f54a5123c3ef67084b318f4421427b7a51",
        "version" : "0.56.2"
      }
    }
  ],
  "version" : 3
}
