{
  "originHash" : "68099791c3b1055022fb878528fe59c819641e12e52b565f7d561a2dc0c1c5f0",
  "pins" : [
    {
      "identity" : "swiftformat",
      "kind" : "remoteSourceControl",
      "location" : "https://github.com/nicklockwood/SwiftFormat",
      "state" : {
        "revision" : "e6fe3e445b95bca110da34e42c15d7c23ecef29a",
        "version" : "0.58.6"
      }
    }
  ],
  "version" : 3
}
